
Microsoft Visual Studio Solution File, Format Version 12.00
# Visual Studio 2013
VisualStudioVersion = 12.0.21005.1
MinimumVisualStudioVersion = 10.0.40219.1
Project("{FAE04EC0-301F-11D3-BF4B-00C04F79EFBC}") = "SuperMtgPlayer", "SuperMtgPlayer\SuperMtgPlayer.csproj", "{1E9ACD08-5A99-47F9-9C0E-FD67000D9D0B}"
EndProject
Project("{FAE04EC0-301F-11D3-BF4B-00C04F79EFBC}") = "SuperMtgPlayerContent", "SuperMtgPlayerContent\SuperMtgPlayerContent\SuperMtgPlayerContent.csproj", "{CD69B40C-F30D-4D02-B16A-C61743D9AE1C}"
EndProject
Project("{96E2B04D-8817-42C6-938A-82C39BA4D311}") = "SuperMtgPlayerContentContent", "SuperMtgPlayerContent\SuperMtgPlayerContentContent\SuperMtgPlayerContentContent.contentproj", "{FEB74212-3D5E-45DF-A75A-E91DB0098ACE}"
EndProject
Global
	GlobalSection(SolutionConfigurationPlatforms) = preSolution
		Android|Any CPU = Android|Any CPU
		Android|Mixed Platforms = Android|Mixed Platforms
		Android|x86 = Android|x86
		Debug|Any CPU = Debug|Any CPU
		Debug|Mixed Platforms = Debug|Mixed Platforms
		Debug|x86 = Debug|x86
		iOS|Any CPU = iOS|Any CPU
		iOS|Mixed Platforms = iOS|Mixed Platforms
		iOS|x86 = iOS|x86
		Linux|Any CPU = Linux|Any CPU
		Linux|Mixed Platforms = Linux|Mixed Platforms
		Linux|x86 = Linux|x86
		OSX|Any CPU = OSX|Any CPU
		OSX|Mixed Platforms = OSX|Mixed Platforms
		OSX|x86 = OSX|x86
		PSM|Any CPU = PSM|Any CPU
		PSM|Mixed Platforms = PSM|Mixed Platforms
		PSM|x86 = PSM|x86
		Release|Any CPU = Release|Any CPU
		Release|Mixed Platforms = Release|Mixed Platforms
		Release|x86 = Release|x86
		Windows|Any CPU = Windows|Any CPU
		Windows|Mixed Platforms = Windows|Mixed Platforms
		Windows|x86 = Windows|x86
		Windows8|Any CPU = Windows8|Any CPU
		Windows8|Mixed Platforms = Windows8|Mixed Platforms
		Windows8|x86 = Windows8|x86
	EndGlobalSection
	GlobalSection(ProjectConfigurationPlatforms) = postSolution
		{1E9ACD08-5A99-47F9-9C0E-FD67000D9D0B}.Android|Any CPU.ActiveCfg = Release|x86
		{1E9ACD08-5A99-47F9-9C0E-FD67000D9D0B}.Android|Mixed Platforms.ActiveCfg = Release|x86
		{1E9ACD08-5A99-47F9-9C0E-FD67000D9D0B}.Android|Mixed Platforms.Build.0 = Release|x86
		{1E9ACD08-5A99-47F9-9C0E-FD67000D9D0B}.Android|x86.ActiveCfg = Release|x86
		{1E9ACD08-5A99-47F9-9C0E-FD67000D9D0B}.Android|x86.Build.0 = Release|x86
		{1E9ACD08-5A99-47F9-9C0E-FD67000D9D0B}.Debug|Any CPU.ActiveCfg = Debug|x86
		{1E9ACD08-5A99-47F9-9C0E-FD67000D9D0B}.Debug|Mixed Platforms.ActiveCfg = Debug|x86
		{1E9ACD08-5A99-47F9-9C0E-FD67000D9D0B}.Debug|Mixed Platforms.Build.0 = Debug|x86
		{1E9ACD08-5A99-47F9-9C0E-FD67000D9D0B}.Debug|x86.ActiveCfg = Debug|x86
		{1E9ACD08-5A99-47F9-9C0E-FD67000D9D0B}.Debug|x86.Build.0 = Debug|x86
		{1E9ACD08-5A99-47F9-9C0E-FD67000D9D0B}.iOS|Any CPU.ActiveCfg = Release|x86
		{1E9ACD08-5A99-47F9-9C0E-FD67000D9D0B}.iOS|Mixed Platforms.ActiveCfg = Release|x86
		{1E9ACD08-5A99-47F9-9C0E-FD67000D9D0B}.iOS|Mixed Platforms.Build.0 = Release|x86
		{1E9ACD08-5A99-47F9-9C0E-FD67000D9D0B}.iOS|x86.ActiveCfg = Release|x86
		{1E9ACD08-5A99-47F9-9C0E-FD67000D9D0B}.iOS|x86.Build.0 = Release|x86
		{1E9ACD08-5A99-47F9-9C0E-FD67000D9D0B}.Linux|Any CPU.ActiveCfg = Release|x86
		{1E9ACD08-5A99-47F9-9C0E-FD67000D9D0B}.Linux|Mixed Platforms.ActiveCfg = Release|x86
		{1E9ACD08-5A99-47F9-9C0E-FD67000D9D0B}.Linux|Mixed Platforms.Build.0 = Release|x86
		{1E9ACD08-5A99-47F9-9C0E-FD67000D9D0B}.Linux|x86.ActiveCfg = Release|x86
		{1E9ACD08-5A99-47F9-9C0E-FD67000D9D0B}.Linux|x86.Build.0 = Release|x86
		{1E9ACD08-5A99-47F9-9C0E-FD67000D9D0B}.OSX|Any CPU.ActiveCfg = Release|x86
		{1E9ACD08-5A99-47F9-9C0E-FD67000D9D0B}.OSX|Mixed Platforms.ActiveCfg = Release|x86
		{1E9ACD08-5A99-47F9-9C0E-FD67000D9D0B}.OSX|Mixed Platforms.Build.0 = Release|x86
		{1E9ACD08-5A99-47F9-9C0E-FD67000D9D0B}.OSX|x86.ActiveCfg = Release|x86
		{1E9ACD08-5A99-47F9-9C0E-FD67000D9D0B}.OSX|x86.Build.0 = Release|x86
		{1E9ACD08-5A99-47F9-9C0E-FD67000D9D0B}.PSM|Any CPU.ActiveCfg = Release|x86
		{1E9ACD08-5A99-47F9-9C0E-FD67000D9D0B}.PSM|Mixed Platforms.ActiveCfg = Release|x86
		{1E9ACD08-5A99-47F9-9C0E-FD67000D9D0B}.PSM|Mixed Platforms.Build.0 = Release|x86
		{1E9ACD08-5A99-47F9-9C0E-FD67000D9D0B}.PSM|x86.ActiveCfg = Release|x86
		{1E9ACD08-5A99-47F9-9C0E-FD67000D9D0B}.PSM|x86.Build.0 = Release|x86
		{1E9ACD08-5A99-47F9-9C0E-FD67000D9D0B}.Release|Any CPU.ActiveCfg = Release|x86
		{1E9ACD08-5A99-47F9-9C0E-FD67000D9D0B}.Release|Mixed Platforms.ActiveCfg = Release|x86
		{1E9ACD08-5A99-47F9-9C0E-FD67000D9D0B}.Release|Mixed Platforms.Build.0 = Release|x86
		{1E9ACD08-5A99-47F9-9C0E-FD67000D9D0B}.Release|x86.ActiveCfg = Release|x86
		{1E9ACD08-5A99-47F9-9C0E-FD67000D9D0B}.Release|x86.Build.0 = Release|x86
		{1E9ACD08-5A99-47F9-9C0E-FD67000D9D0B}.Windows|Any CPU.ActiveCfg = Release|x86
		{1E9ACD08-5A99-47F9-9C0E-FD67000D9D0B}.Windows|Mixed Platforms.ActiveCfg = Release|x86
		{1E9ACD08-5A99-47F9-9C0E-FD67000D9D0B}.Windows|Mixed Platforms.Build.0 = Release|x86
		{1E9ACD08-5A99-47F9-9C0E-FD67000D9D0B}.Windows|x86.ActiveCfg = Release|x86
		{1E9ACD08-5A99-47F9-9C0E-FD67000D9D0B}.Windows|x86.Build.0 = Release|x86
		{1E9ACD08-5A99-47F9-9C0E-FD67000D9D0B}.Windows8|Any CPU.ActiveCfg = Release|x86
		{1E9ACD08-5A99-47F9-9C0E-FD67000D9D0B}.Windows8|Mixed Platforms.ActiveCfg = Release|x86
		{1E9ACD08-5A99-47F9-9C0E-FD67000D9D0B}.Windows8|Mixed Platforms.Build.0 = Release|x86
		{1E9ACD08-5A99-47F9-9C0E-FD67000D9D0B}.Windows8|x86.ActiveCfg = Release|x86
		{1E9ACD08-5A99-47F9-9C0E-FD67000D9D0B}.Windows8|x86.Build.0 = Release|x86
		{CD69B40C-F30D-4D02-B16A-C61743D9AE1C}.Android|Any CPU.ActiveCfg = Android|Any CPU
		{CD69B40C-F30D-4D02-B16A-C61743D9AE1C}.Android|Any CPU.Build.0 = Android|Any CPU
		{CD69B40C-F30D-4D02-B16A-C61743D9AE1C}.Android|Mixed Platforms.ActiveCfg = Android|Any CPU
		{CD69B40C-F30D-4D02-B16A-C61743D9AE1C}.Android|Mixed Platforms.Build.0 = Android|Any CPU
		{CD69B40C-F30D-4D02-B16A-C61743D9AE1C}.Android|x86.ActiveCfg = Android|Any CPU
		{CD69B40C-F30D-4D02-B16A-C61743D9AE1C}.Debug|Any CPU.ActiveCfg = PSM|Any CPU
		{CD69B40C-F30D-4D02-B16A-C61743D9AE1C}.Debug|Any CPU.Build.0 = PSM|Any CPU
		{CD69B40C-F30D-4D02-B16A-C61743D9AE1C}.Debug|Mixed Platforms.ActiveCfg = PSM|Any CPU
		{CD69B40C-F30D-4D02-B16A-C61743D9AE1C}.Debug|Mixed Platforms.Build.0 = PSM|Any CPU
		{CD69B40C-F30D-4D02-B16A-C61743D9AE1C}.Debug|x86.ActiveCfg = PSM|Any CPU
		{CD69B40C-F30D-4D02-B16A-C61743D9AE1C}.iOS|Any CPU.ActiveCfg = iOS|Any CPU
		{CD69B40C-F30D-4D02-B16A-C61743D9AE1C}.iOS|Any CPU.Build.0 = iOS|Any CPU
		{CD69B40C-F30D-4D02-B16A-C61743D9AE1C}.iOS|Mixed Platforms.ActiveCfg = iOS|Any CPU
		{CD69B40C-F30D-4D02-B16A-C61743D9AE1C}.iOS|Mixed Platforms.Build.0 = iOS|Any CPU
		{CD69B40C-F30D-4D02-B16A-C61743D9AE1C}.iOS|x86.ActiveCfg = iOS|Any CPU
		{CD69B40C-F30D-4D02-B16A-C61743D9AE1C}.Linux|Any CPU.ActiveCfg = Linux|Any CPU
		{CD69B40C-F30D-4D02-B16A-C61743D9AE1C}.Linux|Any CPU.Build.0 = Linux|Any CPU
		{CD69B40C-F30D-4D02-B16A-C61743D9AE1C}.Linux|Mixed Platforms.ActiveCfg = Linux|Any CPU
		{CD69B40C-F30D-4D02-B16A-C61743D9AE1C}.Linux|Mixed Platforms.Build.0 = Linux|Any CPU
		{CD69B40C-F30D-4D02-B16A-C61743D9AE1C}.Linux|x86.ActiveCfg = Linux|Any CPU
		{CD69B40C-F30D-4D02-B16A-C61743D9AE1C}.OSX|Any CPU.ActiveCfg = OSX|Any CPU
		{CD69B40C-F30D-4D02-B16A-C61743D9AE1C}.OSX|Any CPU.Build.0 = OSX|Any CPU
		{CD69B40C-F30D-4D02-B16A-C61743D9AE1C}.OSX|Mixed Platforms.ActiveCfg = OSX|Any CPU
		{CD69B40C-F30D-4D02-B16A-C61743D9AE1C}.OSX|Mixed Platforms.Build.0 = OSX|Any CPU
		{CD69B40C-F30D-4D02-B16A-C61743D9AE1C}.OSX|x86.ActiveCfg = OSX|Any CPU
		{CD69B40C-F30D-4D02-B16A-C61743D9AE1C}.PSM|Any CPU.ActiveCfg = PSM|Any CPU
		{CD69B40C-F30D-4D02-B16A-C61743D9AE1C}.PSM|Any CPU.Build.0 = PSM|Any CPU
		{CD69B40C-F30D-4D02-B16A-C61743D9AE1C}.PSM|Mixed Platforms.ActiveCfg = PSM|Any CPU
		{CD69B40C-F30D-4D02-B16A-C61743D9AE1C}.PSM|Mixed Platforms.Build.0 = PSM|Any CPU
		{CD69B40C-F30D-4D02-B16A-C61743D9AE1C}.PSM|x86.ActiveCfg = PSM|Any CPU
		{CD69B40C-F30D-4D02-B16A-C61743D9AE1C}.Release|Any CPU.ActiveCfg = PSM|Any CPU
		{CD69B40C-F30D-4D02-B16A-C61743D9AE1C}.Release|Any CPU.Build.0 = PSM|Any CPU
		{CD69B40C-F30D-4D02-B16A-C61743D9AE1C}.Release|Mixed Platforms.ActiveCfg = PSM|Any CPU
		{CD69B40C-F30D-4D02-B16A-C61743D9AE1C}.Release|Mixed Platforms.Build.0 = PSM|Any CPU
		{CD69B40C-F30D-4D02-B16A-C61743D9AE1C}.Release|x86.ActiveCfg = PSM|Any CPU
		{CD69B40C-F30D-4D02-B16A-C61743D9AE1C}.Windows|Any CPU.ActiveCfg = Windows|Any CPU
		{CD69B40C-F30D-4D02-B16A-C61743D9AE1C}.Windows|Any CPU.Build.0 = Windows|Any CPU
		{CD69B40C-F30D-4D02-B16A-C61743D9AE1C}.Windows|Mixed Platforms.ActiveCfg = Windows|Any CPU
		{CD69B40C-F30D-4D02-B16A-C61743D9AE1C}.Windows|Mixed Platforms.Build.0 = Windows|Any CPU
		{CD69B40C-F30D-4D02-B16A-C61743D9AE1C}.Windows|x86.ActiveCfg = Windows|Any CPU
		{CD69B40C-F30D-4D02-B16A-C61743D9AE1C}.Windows8|Any CPU.ActiveCfg = Windows8|Any CPU
		{CD69B40C-F30D-4D02-B16A-C61743D9AE1C}.Windows8|Any CPU.Build.0 = Windows8|Any CPU
		{CD69B40C-F30D-4D02-B16A-C61743D9AE1C}.Windows8|Mixed Platforms.ActiveCfg = Windows8|Any CPU
		{CD69B40C-F30D-4D02-B16A-C61743D9AE1C}.Windows8|Mixed Platforms.Build.0 = Windows8|Any CPU
		{CD69B40C-F30D-4D02-B16A-C61743D9AE1C}.Windows8|x86.ActiveCfg = Windows8|Any CPU
		{FEB74212-3D5E-45DF-A75A-E91DB0098ACE}.Android|Any CPU.ActiveCfg = Android|Any CPU
		{FEB74212-3D5E-45DF-A75A-E91DB0098ACE}.Android|Mixed Platforms.ActiveCfg = Android|Any CPU
		{FEB74212-3D5E-45DF-A75A-E91DB0098ACE}.Android|x86.ActiveCfg = Android|Any CPU
		{FEB74212-3D5E-45DF-A75A-E91DB0098ACE}.Debug|Any CPU.ActiveCfg = PSM|Any CPU
		{FEB74212-3D5E-45DF-A75A-E91DB0098ACE}.Debug|Mixed Platforms.ActiveCfg = PSM|Any CPU
		{FEB74212-3D5E-45DF-A75A-E91DB0098ACE}.Debug|x86.ActiveCfg = PSM|Any CPU
		{FEB74212-3D5E-45DF-A75A-E91DB0098ACE}.iOS|Any CPU.ActiveCfg = iOS|Any CPU
		{FEB74212-3D5E-45DF-A75A-E91DB0098ACE}.iOS|Mixed Platforms.ActiveCfg = iOS|Any CPU
		{FEB74212-3D5E-45DF-A75A-E91DB0098ACE}.iOS|x86.ActiveCfg = iOS|Any CPU
		{FEB74212-3D5E-45DF-A75A-E91DB0098ACE}.Linux|Any CPU.ActiveCfg = Linux|Any CPU
		{FEB74212-3D5E-45DF-A75A-E91DB0098ACE}.Linux|Mixed Platforms.ActiveCfg = Linux|Any CPU
		{FEB74212-3D5E-45DF-A75A-E91DB0098ACE}.Linux|x86.ActiveCfg = Linux|Any CPU
		{FEB74212-3D5E-45DF-A75A-E91DB0098ACE}.OSX|Any CPU.ActiveCfg = OSX|Any CPU
		{FEB74212-3D5E-45DF-A75A-E91DB0098ACE}.OSX|Mixed Platforms.ActiveCfg = OSX|Any CPU
		{FEB74212-3D5E-45DF-A75A-E91DB0098ACE}.OSX|x86.ActiveCfg = OSX|Any CPU
		{FEB74212-3D5E-45DF-A75A-E91DB0098ACE}.PSM|Any CPU.ActiveCfg = PSM|Any CPU
		{FEB74212-3D5E-45DF-A75A-E91DB0098ACE}.PSM|Mixed Platforms.ActiveCfg = PSM|Any CPU
		{FEB74212-3D5E-45DF-A75A-E91DB0098ACE}.PSM|x86.ActiveCfg = PSM|Any CPU
		{FEB74212-3D5E-45DF-A75A-E91DB0098ACE}.Release|Any CPU.ActiveCfg = PSM|Any CPU
		{FEB74212-3D5E-45DF-A75A-E91DB0098ACE}.Release|Mixed Platforms.ActiveCfg = PSM|Any CPU
		{FEB74212-3D5E-45DF-A75A-E91DB0098ACE}.Release|x86.ActiveCfg = PSM|Any CPU
		{FEB74212-3D5E-45DF-A75A-E91DB0098ACE}.Windows|Any CPU.ActiveCfg = Windows|Any CPU
		{FEB74212-3D5E-45DF-A75A-E91DB0098ACE}.Windows|Mixed Platforms.ActiveCfg = Windows|Any CPU
		{FEB74212-3D5E-45DF-A75A-E91DB0098ACE}.Windows|x86.ActiveCfg = Windows|Any CPU
		{FEB74212-3D5E-45DF-A75A-E91DB0098ACE}.Windows8|Any CPU.ActiveCfg = Windows8|Any CPU
		{FEB74212-3D5E-45DF-A75A-E91DB0098ACE}.Windows8|Mixed Platforms.ActiveCfg = Windows8|Any CPU
		{FEB74212-3D5E-45DF-A75A-E91DB0098ACE}.Windows8|x86.ActiveCfg = Windows8|Any CPU
	EndGlobalSection
	GlobalSection(SolutionProperties) = preSolution
		HideSolutionNode = FALSE
	EndGlobalSection
EndGlobal
